
Microsoft Visual Studio Solution File, Format Version 12.00
# Visual Studio Version 16
VisualStudioVersion = 16.0.33130.400
MinimumVisualStudioVersion = 10.0.40219.1
Project("{FAE04EC0-301F-11D3-BF4B-00C04F79EFBC}") = "1day3task", "1day3task\1day3task.csproj", "{BC3B8ECE-AF49-42AB-BAEA-ECBE59CE7509}"
EndProject
Global
	GlobalSection(SolutionConfigurationPlatforms) = preSolution
		Debug|Any CPU = Debug|Any CPU
		Release|Any CPU = Release|Any CPU
	EndGlobalSection
	GlobalSection(ProjectConfigurationPlatforms) = postSolution
		{BC3B8ECE-AF49-42AB-BAEA-ECBE59CE7509}.Debug|Any CPU.ActiveCfg = Debug|Any CPU
		{BC3B8ECE-AF49-42AB-BAEA-ECBE59CE7509}.Debug|Any CPU.Build.0 = Debug|Any CPU
		{BC3B8ECE-AF49-42AB-BAEA-ECBE59CE7509}.Release|Any CPU.ActiveCfg = Release|Any CPU
		{BC3B8ECE-AF49-42AB-BAEA-ECBE59CE7509}.Release|Any CPU.Build.0 = Release|Any CPU
	EndGlobalSection
	GlobalSection(SolutionProperties) = preSolution
		HideSolutionNode = FALSE
	EndGlobalSection
	GlobalSection(ExtensibilityGlobals) = postSolution
		SolutionGuid = {6F08EEC6-FE98-4728-85FD-8F0AE41827E4}
	EndGlobalSection
EndGlobal
